
Microsoft Visual Studio Solution File, Format Version 12.00
# Visual Studio 15
VisualStudioVersion = 15.0.27906.1
MinimumVisualStudioVersion = 10.0.40219.1
Project("{FAE04EC0-301F-11D3-BF4B-00C04F79EFBC}") = "SimpleLog4net", "SimpleLog4net\SimpleLog4net.csproj", "{5AC7832C-6DC8-4936-9B7A-ACF1D0BF9CF7}"
EndProject
Project("{FAE04EC0-301F-11D3-BF4B-00C04F79EFBC}") = "log4netConsole", "log4netConsole\log4netConsole.csproj", "{74568E13-AEF4-441B-9BAE-EEF24F50B2C3}"
EndProject
Global
	GlobalSection(SolutionConfigurationPlatforms) = preSolution
		Debug|Any CPU = Debug|Any CPU
		Release|Any CPU = Release|Any CPU
	EndGlobalSection
	GlobalSection(ProjectConfigurationPlatforms) = postSolution
		{5AC7832C-6DC8-4936-9B7A-ACF1D0BF9CF7}.Debug|Any CPU.ActiveCfg = Debug|Any CPU
		{5AC7832C-6DC8-4936-9B7A-ACF1D0BF9CF7}.Debug|Any CPU.Build.0 = Debug|Any CPU
		{5AC7832C-6DC8-4936-9B7A-ACF1D0BF9CF7}.Release|Any CPU.ActiveCfg = Release|Any CPU
		{5AC7832C-6DC8-4936-9B7A-ACF1D0BF9CF7}.Release|Any CPU.Build.0 = Release|Any CPU
		{74568E13-AEF4-441B-9BAE-EEF24F50B2C3}.Debug|Any CPU.ActiveCfg = Debug|Any CPU
		{74568E13-AEF4-441B-9BAE-EEF24F50B2C3}.Debug|Any CPU.Build.0 = Debug|Any CPU
		{74568E13-AEF4-441B-9BAE-EEF24F50B2C3}.Release|Any CPU.ActiveCfg = Release|Any CPU
		{74568E13-AEF4-441B-9BAE-EEF24F50B2C3}.Release|Any CPU.Build.0 = Release|Any CPU
	EndGlobalSection
	GlobalSection(SolutionProperties) = preSolution
		HideSolutionNode = FALSE
	EndGlobalSection
	GlobalSection(ExtensibilityGlobals) = postSolution
		SolutionGuid = {83C149B5-28B0-46EA-8109-27AFBF3C0D2E}
	EndGlobalSection
EndGlobal
